{
  "name": "csv-stream",
  "version": "0.1.3",
  "lockfileVersion": 1,
  "requires": true,
  "dependencies": {
    "assertions": {
      "version": "2.3.4",
      "resolved": "https://registry.npmjs.org/assertions/-/assertions-2.3.4.tgz",
      "integrity": "sha1-qUM87R/OV8yZmvCWXRAI6WwnluY=",
      "dev": true,
      "requires": {
        "fomatto": "git://github.com/BonsaiDen/Fomatto.git#468666f600b46f9067e3da7200fd9df428923ea6",
        "render": "0.1.4",
        "traverser": "1.0.0"
      }
    },
    "chai": {
      "version": "1.2.0",
      "resolved": "https://registry.npmjs.org/chai/-/chai-1.2.0.tgz",
      "integrity": "sha1-e/Fa4Tc4G25tsec7ODFIDoFFdYk=",
      "dev": true
    },
    "commander": {
      "version": "0.6.1",
      "resolved": "https://registry.npmjs.org/commander/-/commander-0.6.1.tgz",
      "integrity": "sha1-+mihT2qUXVTbvlDYzbMyDp47GgY=",
      "dev": true
    },
    "curry": {
      "version": "0.0.4",
      "resolved": "https://registry.npmjs.org/curry/-/curry-0.0.4.tgz",
      "integrity": "sha1-F1DVGNkZxE89N/9E7caT3h8NX8s=",
      "dev": true
    },
    "debug": {
      "version": "3.1.0",
      "resolved": "https://registry.npmjs.org/debug/-/debug-3.1.0.tgz",
      "integrity": "sha512-OX8XqP7/1a9cqkxYw2yXss15f26NKWBpDXQd0/uK/KPqdQhxbPa994hnzjcE2VqQpDslf55723cKPUOGSmMY3g==",
      "dev": true,
      "requires": {
        "ms": "2.0.0"
      },
      "dependencies": {
        "ms": {
          "version": "2.0.0",
          "resolved": "https://registry.npmjs.org/ms/-/ms-2.0.0.tgz",
          "integrity": "sha1-VgiurfwAvmwpAd9fmGF4jeDVl8g=",
          "dev": true
        }
      }
    },
    "diff": {
      "version": "1.0.2",
      "resolved": "https://registry.npmjs.org/diff/-/diff-1.0.2.tgz",
      "integrity": "sha1-Suc/Gu6Nb89ITxoc53zmUdm38Mk=",
      "dev": true
    },
    "fomatto": {
      "version": "git://github.com/BonsaiDen/Fomatto.git#468666f600b46f9067e3da7200fd9df428923ea6",
      "dev": true
    },
    "from": {
      "version": "0.0.2",
      "resolved": "https://registry.npmjs.org/from/-/from-0.0.2.tgz",
      "integrity": "sha1-f/+sZHovmbINV7jig3lFXLtBidA=",
      "dev": true
    },
    "growl": {
      "version": "1.5.1",
      "resolved": "https://registry.npmjs.org/growl/-/growl-1.5.1.tgz",
      "integrity": "sha1-HezR8ipLMNrn02N5nsYkz0DMAHA=",
      "dev": true
    },
    "jade": {
      "version": "0.26.3",
      "resolved": "https://registry.npmjs.org/jade/-/jade-0.26.3.tgz",
      "integrity": "sha1-jxDXl32NefL2/4YqgbBRPMslaGw=",
      "dev": true,
      "requires": {
        "commander": "0.6.1",
        "mkdirp": "0.3.0"
      },
      "dependencies": {
        "mkdirp": {
          "version": "0.3.0",
          "resolved": "https://registry.npmjs.org/mkdirp/-/mkdirp-0.3.0.tgz",
          "integrity": "sha1-G79asbqCevI1dRQ0kEJkVfSB/h4=",
          "dev": true
        }
      }
    },
    "macgyver": {
      "version": "1.10.1",
      "resolved": "https://registry.npmjs.org/macgyver/-/macgyver-1.10.1.tgz",
      "integrity": "sha1-sJ0VmdizbtWxb1lYlRXZ0UvC/Yg=",
      "dev": true
    },
    "mkdirp": {
      "version": "0.3.3",
      "resolved": "https://registry.npmjs.org/mkdirp/-/mkdirp-0.3.3.tgz",
      "integrity": "sha1-WV4lHBNww6aLqyE20ONIuBBa3xM=",
      "dev": true
    },
    "mocha": {
      "version": "1.4.3",
      "resolved": "https://registry.npmjs.org/mocha/-/mocha-1.4.3.tgz",
      "integrity": "sha1-82YwZR4Ghv4oPRvKyCC1KswJFAc=",
      "dev": true,
      "requires": {
        "commander": "0.6.1",
        "debug": "3.1.0",
        "diff": "1.0.2",
        "growl": "1.5.1",
        "jade": "0.26.3",
        "mkdirp": "0.3.3",
        "ms": "0.3.0"
      }
    },
    "ms": {
      "version": "0.3.0",
      "resolved": "https://registry.npmjs.org/ms/-/ms-0.3.0.tgz",
      "integrity": "sha1-A+3DSNYT5mpWSGz9rFO8vomcvWE=",
      "dev": true
    },
    "render": {
      "version": "0.1.4",
      "resolved": "https://registry.npmjs.org/render/-/render-0.1.4.tgz",
      "integrity": "sha1-z7M6NOJgaFkdQYRp4j2Mxc4c7/U=",
      "dev": true,
      "requires": {
        "traverser": "0.0.5"
      },
      "dependencies": {
        "traverser": {
          "version": "0.0.5",
          "resolved": "https://registry.npmjs.org/traverser/-/traverser-0.0.5.tgz",
          "integrity": "sha1-xm84xFagwhqIAUsSI1gMfr4GMes=",
          "dev": true,
          "requires": {
            "curry": "0.0.4"
          }
        }
      }
    },
    "request": {
      "version": "2.10.0",
      "resolved": "https://registry.npmjs.org/request/-/request-2.10.0.tgz",
      "integrity": "sha1-mRG172abZQDaKuCxM/oc/JKxxIo=",
      "dev": true
    },
    "stream-spec": {
      "version": "0.3.6",
      "resolved": "https://registry.npmjs.org/stream-spec/-/stream-spec-0.3.6.tgz",
      "integrity": "sha1-L92sSge/Pp+JY8Z3prWmzCEVJV4=",
      "dev": true,
      "requires": {
        "macgyver": "1.10.1"
      }
    },
    "stream-tester": {
      "version": "0.0.5",
      "resolved": "https://registry.npmjs.org/stream-tester/-/stream-tester-0.0.5.tgz",
      "integrity": "sha1-T4byUxFJra9t1LP/Ji7fZK6aFxo=",
      "dev": true,
      "requires": {
        "assertions": "2.3.4",
        "from": "0.0.2",
        "through": "0.0.4"
      }
    },
    "through": {
      "version": "0.0.4",
      "resolved": "https://registry.npmjs.org/through/-/through-0.0.4.tgz",
      "integrity": "sha1-C/Lw//r6rEusvFM2Z+mKrQC1iMg=",
      "dev": true
    },
    "traverser": {
      "version": "1.0.0",
      "resolved": "https://registry.npmjs.org/traverser/-/traverser-1.0.0.tgz",
      "integrity": "sha1-b1nlgTdZruqzZGuPRRP9SmLk/iA=",
      "dev": true,
      "requires": {
        "curry": "0.0.4"
      }
    }
  }
}
